Microsoft Visual Studio Solution File, Format Version 12.00
# Visual Studio Version 17
VisualStudioVersion = 17.5.2.0
MinimumVisualStudioVersion = 10.0.40219.1
Project("{FAE04EC0-301F-11D3-BF4B-00C04F79EFBC}") = "PEAKFastStartup", "PEAKFastStartup\PEAKFastStartup.csproj", "{D7A6367B-3761-698A-6254-6B30C5407951}"
EndProject
Global
	GlobalSection(SolutionConfigurationPlatforms) = preSolution
		Debug|Any CPU = Debug|Any CPU
		Release|Any CPU = Release|Any CPU
	EndGlobalSection
	GlobalSection(ProjectConfigurationPlatforms) = postSolution
		{D7A6367B-3761-698A-6254-6B30C5407951}.Debug|Any CPU.ActiveCfg = Debug|Any CPU
		{D7A6367B-3761-698A-6254-6B30C5407951}.Debug|Any CPU.Build.0 = Debug|Any CPU
		{D7A6367B-3761-698A-6254-6B30C5407951}.Release|Any CPU.ActiveCfg = Release|Any CPU
		{D7A6367B-3761-698A-6254-6B30C5407951}.Release|Any CPU.Build.0 = Release|Any CPU
	EndGlobalSection
	GlobalSection(SolutionProperties) = preSolution
		HideSolutionNode = FALSE
	EndGlobalSection
	GlobalSection(ExtensibilityGlobals) = postSolution
		SolutionGuid = {5A911331-5FEE-4CBD-8343-A2F1A110B673}
	EndGlobalSection
EndGlobal
